<?xml version="1.0" encoding="utf-8"?>
<Project ToolsVersion="4.0" xmlns="http://schemas.microsoft.com/developer/msbuild/2003">
  <ItemGroup>
    <Filter Include="源文件">
      <UniqueIdentifier>{4FC737F1-C7A5-4376-A066-2A32D752A2FF}</UniqueIdentifier>
      <Extensions>cpp;c;cc;cxx;def;odl;idl;hpj;bat;asm;asmx</Extensions>
    </Filter>
    <Filter Include="头文件">
      <UniqueIdentifier>{93995380-89BD-4b04-88EB-625FBE52EBFB}</UniqueIdentifier>
      <Extensions>h;hh;hpp;hxx;hm;inl;inc;xsd</Extensions>
    </Filter>
    <Filter Include="资源文件">
      <UniqueIdentifier>{67DA6AB6-F800-4c08-8B7A-83BB121AAD01}</UniqueIdentifier>
      <Extensions>rc;ico;cur;bmp;dlg;rc2;rct;bin;rgs;gif;jpg;jpeg;jpe;resx;tiff;tif;png;wav;mfcribbon-ms</Extensions>
    </Filter>
    <Filter Include="wintun">
      <UniqueIdentifier>{2dd27ed0-5c2b-43d1-a87d-ace611fa5173}</UniqueIdentifier>
    </Filter>
  </ItemGroup>
  <ItemGroup>
    <ClCompile Include="main.cpp">
      <Filter>源文件</Filter>
    </ClCompile>
    <ClCompile Include="wintun_packet_process.cpp">
      <Filter>wintun</Filter>
    </ClCompile>
    <ClCompile Include="wintun_service.cpp">
      <Filter>wintun</Filter>
    </ClCompile>
    <ClCompile Include="wintun_ex.cpp">
      <Filter>wintun</Filter>
    </ClCompile>
    <ClCompile Include="utils.cpp">
      <Filter>wintun</Filter>
    </ClCompile>
  </ItemGroup>
  <ItemGroup>
    <ClInclude Include="wintun_packet_process.h">
      <Filter>wintun</Filter>
    </ClInclude>
    <ClInclude Include="wintun_service.h">
      <Filter>wintun</Filter>
    </ClInclude>
    <ClInclude Include="wintun.h">
      <Filter>wintun</Filter>
    </ClInclude>
    <ClInclude Include="wintun_ex.h">
      <Filter>wintun</Filter>
    </ClInclude>
    <ClInclude Include="utils.h">
      <Filter>wintun</Filter>
    </ClInclude>
  </ItemGroup>
</Project>